// !$*UTF8*$!
{
	archiveVersion = 1;
	classes = {
	};
	objectVersion = 56;
	objects = {

/* Begin PBXBuildFile section */
		8F6F270229D6FBEC0072D68C /* glad.c in Sources */ = {isa = PBXBuildFile; fileRef = 8FBFC65329D6D86A0033360E /* glad.c */; };
		8F6F270B29D7FE040072D68C /* stb_image.cpp in Sources */ = {isa = PBXBuildFile; fileRef = 8F6F270A29D7FE040072D68C /* stb_image.cpp */; };
		8F6F271129D874040072D68C /* Texture.cpp in Sources */ = {isa = PBXBuildFile; fileRef = 8F6F270F29D874040072D68C /* Texture.cpp */; };
		8F9B1F1729C4702600111C7F /* main.cpp in Sources */ = {isa = PBXBuildFile; fileRef = 8F9B1F1629C4702600111C7F /* main.cpp */; };
		8F9B1F1F29C4723C00111C7F /* OpenGL.framework in Frameworks */ = {isa = PBXBuildFile; fileRef = 8F9B1F1E29C4723C00111C7F /* OpenGL.framework */; };
		8F9B1F2129C472EC00111C7F /* libglfw.3.3.dylib in Frameworks */ = {isa = PBXBuildFile; fileRef = 8F9B1F2029C472EC00111C7F /* libglfw.3.3.dylib */; };
		8F9EBEA129C6EDCB0008F8A2 /* Resources in CopyFiles */ = {isa = PBXBuildFile; fileRef = 8F9EBE9E29C6ED460008F8A2 /* Resources */; };
		8F9EBEA829C7431F0008F8A2 /* VertexBuffer.cpp in Sources */ = {isa = PBXBuildFile; fileRef = 8F9EBEA629C7431F0008F8A2 /* VertexBuffer.cpp */; };
		8F9EBEAB29C743280008F8A2 /* IndexBuffer.cpp in Sources */ = {isa = PBXBuildFile; fileRef = 8F9EBEA929C743280008F8A2 /* IndexBuffer.cpp */; };
		8F9FBFD629C9FF7600F73FA2 /* Shader.cpp in Sources */ = {isa = PBXBuildFile; fileRef = 8F9FBFD429C9FF7600F73FA2 /* Shader.cpp */; };
		8FEFE4E229C9A9AF00ED2E21 /* VertexBufferLayout.cpp in Sources */ = {isa = PBXBuildFile; fileRef = 8FEFE4E029C9A9AF00ED2E21 /* VertexBufferLayout.cpp */; };
		8FEFE4E529C9AD6700ED2E21 /* VertexArray.cpp in Sources */ = {isa = PBXBuildFile; fileRef = 8FEFE4E329C9AD6700ED2E21 /* VertexArray.cpp */; };
/* End PBXBuildFile section */

/* Begin PBXCopyFilesBuildPhase section */
		8F9B1F1129C4702600111C7F /* CopyFiles */ = {
			isa = PBXCopyFilesBuildPhase;
			buildActionMask = 12;
			dstPath = "";
			dstSubfolderSpec = 7;
			files = (
				8F9EBEA129C6EDCB0008F8A2 /* Resources in CopyFiles */,
			);
			runOnlyForDeploymentPostprocessing = 0;
		};
/* End PBXCopyFilesBuildPhase section */

/* Begin PBXFileReference section */
		8F288FD929D6D9470021F300 /* glad.h */ = {isa = PBXFileReference; lastKnownFileType = sourcecode.c.h; name = glad.h; path = Vendor/glad/include/glad/glad.h; sourceTree = "<group>"; };
		8F288FDD29D6D9F00021F300 /* src */ = {isa = PBXFileReference; lastKnownFileType = folder; path = src; sourceTree = "<group>"; };
		8F288FDE29D6D9F00021F300 /* include */ = {isa = PBXFileReference; lastKnownFileType = folder; path = include; sourceTree = "<group>"; };
		8F6F270729D7FD190072D68C /* wall.jpg */ = {isa = PBXFileReference; lastKnownFileType = image.jpeg; path = wall.jpg; sourceTree = "<group>"; };
		8F6F270929D7FDA40072D68C /* stb_image.h */ = {isa = PBXFileReference; lastKnownFileType = sourcecode.c.h; path = stb_image.h; sourceTree = "<group>"; };
		8F6F270A29D7FE040072D68C /* stb_image.cpp */ = {isa = PBXFileReference; lastKnownFileType = sourcecode.cpp.cpp; path = stb_image.cpp; sourceTree = "<group>"; };
		8F6F270C29D7FED70072D68C /* container.jpg */ = {isa = PBXFileReference; lastKnownFileType = image.jpeg; path = container.jpg; sourceTree = "<group>"; };
		8F6F270D29D80B8C0072D68C /* pepe.jpeg */ = {isa = PBXFileReference; lastKnownFileType = image.jpeg; path = pepe.jpeg; sourceTree = "<group>"; };
		8F6F270E29D833E20072D68C /* awesomeface.png */ = {isa = PBXFileReference; lastKnownFileType = image.png; path = awesomeface.png; sourceTree = "<group>"; };
		8F6F270F29D874040072D68C /* Texture.cpp */ = {isa = PBXFileReference; lastKnownFileType = sourcecode.cpp.cpp; path = Texture.cpp; sourceTree = "<group>"; };
		8F6F271029D874040072D68C /* Texture.hpp */ = {isa = PBXFileReference; lastKnownFileType = sourcecode.cpp.h; path = Texture.hpp; sourceTree = "<group>"; };
		8F9B1F1329C4702600111C7F /* khulagl */ = {isa = PBXFileReference; explicitFileType = "compiled.mach-o.executable"; includeInIndex = 0; path = khulagl; sourceTree = BUILT_PRODUCTS_DIR; };
		8F9B1F1629C4702600111C7F /* main.cpp */ = {isa = PBXFileReference; lastKnownFileType = sourcecode.cpp.cpp; path = main.cpp; sourceTree = "<group>"; };
		8F9B1F1E29C4723C00111C7F /* OpenGL.framework */ = {isa = PBXFileReference; lastKnownFileType = wrapper.framework; name = OpenGL.framework; path = System/Library/Frameworks/OpenGL.framework; sourceTree = SDKROOT; };
		8F9B1F2029C472EC00111C7F /* libglfw.3.3.dylib */ = {isa = PBXFileReference; lastKnownFileType = "compiled.mach-o.dylib"; name = libglfw.3.3.dylib; path = ../../../../opt/homebrew/Cellar/glfw/3.3.8/lib/libglfw.3.3.dylib; sourceTree = "<group>"; };
		8F9EBE9229C6E5BC0008F8A2 /* Basic.shader */ = {isa = PBXFileReference; lastKnownFileType = text; path = Basic.shader; sourceTree = "<group>"; };
		8F9EBE9E29C6ED460008F8A2 /* Resources */ = {isa = PBXFileReference; lastKnownFileType = folder; path = Resources; sourceTree = "<group>"; };
		8F9EBEA629C7431F0008F8A2 /* VertexBuffer.cpp */ = {isa = PBXFileReference; lastKnownFileType = sourcecode.cpp.cpp; path = VertexBuffer.cpp; sourceTree = "<group>"; };
		8F9EBEA729C7431F0008F8A2 /* VertexBuffer.hpp */ = {isa = PBXFileReference; lastKnownFileType = sourcecode.cpp.h; path = VertexBuffer.hpp; sourceTree = "<group>"; };
		8F9EBEA929C743280008F8A2 /* IndexBuffer.cpp */ = {isa = PBXFileReference; lastKnownFileType = sourcecode.cpp.cpp; path = IndexBuffer.cpp; sourceTree = "<group>"; };
		8F9EBEAA29C743280008F8A2 /* IndexBuffer.hpp */ = {isa = PBXFileReference; lastKnownFileType = sourcecode.cpp.h; path = IndexBuffer.hpp; sourceTree = "<group>"; };
		8F9FBFD429C9FF7600F73FA2 /* Shader.cpp */ = {isa = PBXFileReference; lastKnownFileType = sourcecode.cpp.cpp; path = Shader.cpp; sourceTree = "<group>"; };
		8F9FBFD529C9FF7600F73FA2 /* Shader.hpp */ = {isa = PBXFileReference; lastKnownFileType = sourcecode.cpp.h; path = Shader.hpp; sourceTree = "<group>"; };
		8FBFC65329D6D86A0033360E /* glad.c */ = {isa = PBXFileReference; lastKnownFileType = sourcecode.c.c; name = glad.c; path = Vendor/glad/src/glad.c; sourceTree = "<group>"; };
		8FEFE4E029C9A9AF00ED2E21 /* VertexBufferLayout.cpp */ = {isa = PBXFileReference; lastKnownFileType = sourcecode.cpp.cpp; path = VertexBufferLayout.cpp; sourceTree = "<group>"; };
		8FEFE4E129C9A9AF00ED2E21 /* VertexBufferLayout.hpp */ = {isa = PBXFileReference; lastKnownFileType = sourcecode.cpp.h; path = VertexBufferLayout.hpp; sourceTree = "<group>"; };
		8FEFE4E329C9AD6700ED2E21 /* VertexArray.cpp */ = {isa = PBXFileReference; lastKnownFileType = sourcecode.cpp.cpp; path = VertexArray.cpp; sourceTree = "<group>"; };
		8FEFE4E429C9AD6700ED2E21 /* VertexArray.hpp */ = {isa = PBXFileReference; lastKnownFileType = sourcecode.cpp.h; path = VertexArray.hpp; sourceTree = "<group>"; };
/* End PBXFileReference section */

/* Begin PBXFrameworksBuildPhase section */
		8F9B1F1029C4702600111C7F /* Frameworks */ = {
			isa = PBXFrameworksBuildPhase;
			buildActionMask = 2147483647;
			files = (
				8F9B1F2129C472EC00111C7F /* libglfw.3.3.dylib in Frameworks */,
				8F9B1F1F29C4723C00111C7F /* OpenGL.framework in Frameworks */,
			);
			runOnlyForDeploymentPostprocessing = 0;
		};
/* End PBXFrameworksBuildPhase section */

/* Begin PBXGroup section */
		8F6F270629D7FD010072D68C /* Textures */ = {
			isa = PBXGroup;
			children = (
				8F6F270D29D80B8C0072D68C /* pepe.jpeg */,
				8F6F270C29D7FED70072D68C /* container.jpg */,
				8F6F270729D7FD190072D68C /* wall.jpg */,
				8F6F270E29D833E20072D68C /* awesomeface.png */,
			);
			path = Textures;
			sourceTree = "<group>";
		};
		8F6F270829D7FD850072D68C /* stb_image */ = {
			isa = PBXGroup;
			children = (
				8F6F270929D7FDA40072D68C /* stb_image.h */,
				8F6F270A29D7FE040072D68C /* stb_image.cpp */,
			);
			path = stb_image;
			sourceTree = "<group>";
		};
		8F9B1F0A29C4702600111C7F = {
			isa = PBXGroup;
			children = (
				8FBFC64F29D6D7A20033360E /* Vendor */,
				8F9EBE8A29C6E0F10008F8A2 /* Resources */,
				8F9EBE9E29C6ED460008F8A2 /* Resources */,
				8F9B1F1529C4702600111C7F /* khulagl */,
				8F9B1F1429C4702600111C7F /* Products */,
				8F9B1F1D29C4723C00111C7F /* Frameworks */,
			);
			sourceTree = "<group>";
		};
		8F9B1F1429C4702600111C7F /* Products */ = {
			isa = PBXGroup;
			children = (
				8F9B1F1329C4702600111C7F /* khulagl */,
			);
			name = Products;
			sourceTree = "<group>";
		};
		8F9B1F1529C4702600111C7F /* khulagl */ = {
			isa = PBXGroup;
			children = (
				8F9B1F1629C4702600111C7F /* main.cpp */,
				8F9EBEA629C7431F0008F8A2 /* VertexBuffer.cpp */,
				8F9EBEA729C7431F0008F8A2 /* VertexBuffer.hpp */,
				8F9EBEA929C743280008F8A2 /* IndexBuffer.cpp */,
				8F9EBEAA29C743280008F8A2 /* IndexBuffer.hpp */,
				8FEFE4E029C9A9AF00ED2E21 /* VertexBufferLayout.cpp */,
				8FEFE4E129C9A9AF00ED2E21 /* VertexBufferLayout.hpp */,
				8FEFE4E329C9AD6700ED2E21 /* VertexArray.cpp */,
				8FEFE4E429C9AD6700ED2E21 /* VertexArray.hpp */,
				8F9FBFD429C9FF7600F73FA2 /* Shader.cpp */,
				8F9FBFD529C9FF7600F73FA2 /* Shader.hpp */,
				8F6F270F29D874040072D68C /* Texture.cpp */,
				8F6F271029D874040072D68C /* Texture.hpp */,
			);
			path = khulagl;
			sourceTree = "<group>";
		};
		8F9B1F1D29C4723C00111C7F /* Frameworks */ = {
			isa = PBXGroup;
			children = (
				8F288FD929D6D9470021F300 /* glad.h */,
				8FBFC65329D6D86A0033360E /* glad.c */,
				8F9B1F2029C472EC00111C7F /* libglfw.3.3.dylib */,
				8F9B1F1E29C4723C00111C7F /* OpenGL.framework */,
			);
			name = Frameworks;
			sourceTree = "<group>";
		};
		8F9EBE8A29C6E0F10008F8A2 /* Resources */ = {
			isa = PBXGroup;
			children = (
				8F6F270629D7FD010072D68C /* Textures */,
				8F9EBE9129C6E5AC0008F8A2 /* Shaders */,
			);
			path = Resources;
			sourceTree = "<group>";
		};
		8F9EBE9129C6E5AC0008F8A2 /* Shaders */ = {
			isa = PBXGroup;
			children = (
				8F9EBE9229C6E5BC0008F8A2 /* Basic.shader */,
			);
			path = Shaders;
			sourceTree = "<group>";
		};
		8FBFC64F29D6D7A20033360E /* Vendor */ = {
			isa = PBXGroup;
			children = (
				8F6F270829D7FD850072D68C /* stb_image */,
				8FBFC65029D6D7B30033360E /* glad */,
			);
			path = Vendor;
			sourceTree = "<group>";
		};
		8FBFC65029D6D7B30033360E /* glad */ = {
			isa = PBXGroup;
			children = (
				8F288FDE29D6D9F00021F300 /* include */,
				8F288FDD29D6D9F00021F300 /* src */,
			);
			path = glad;
			sourceTree = "<group>";
		};
/* End PBXGroup section */

/* Begin PBXNativeTarget section */
		8F9B1F1229C4702600111C7F /* khulagl */ = {
			isa = PBXNativeTarget;
			buildConfigurationList = 8F9B1F1A29C4702600111C7F /* Build configuration list for PBXNativeTarget "khulagl" */;
			buildPhases = (
				8F9B1F0F29C4702600111C7F /* Sources */,
				8F9B1F1029C4702600111C7F /* Frameworks */,
				8F9B1F1129C4702600111C7F /* CopyFiles */,
			);
			buildRules = (
			);
			dependencies = (
			);
			name = khulagl;
			productName = khulagl;
			productReference = 8F9B1F1329C4702600111C7F /* khulagl */;
			productType = "com.apple.product-type.tool";
		};
/* End PBXNativeTarget section */

/* Begin PBXProject section */
		8F9B1F0B29C4702600111C7F /* Project object */ = {
			isa = PBXProject;
			attributes = {
				BuildIndependentTargetsInParallel = 1;
				LastUpgradeCheck = 1420;
				TargetAttributes = {
					8F9B1F1229C4702600111C7F = {
						CreatedOnToolsVersion = 14.2;
					};
				};
			};
			buildConfigurationList = 8F9B1F0E29C4702600111C7F /* Build configuration list for PBXProject "khulagl" */;
			compatibilityVersion = "Xcode 14.0";
			developmentRegion = en;
			hasScannedForEncodings = 0;
			knownRegions = (
				en,
				Base,
			);
			mainGroup = 8F9B1F0A29C4702600111C7F;
			productRefGroup = 8F9B1F1429C4702600111C7F /* Products */;
			projectDirPath = "";
			projectRoot = "";
			targets = (
				8F9B1F1229C4702600111C7F /* khulagl */,
			);
		};
/* End PBXProject section */

/* Begin PBXSourcesBuildPhase section */
		8F9B1F0F29C4702600111C7F /* Sources */ = {
			isa = PBXSourcesBuildPhase;
			buildActionMask = 2147483647;
			files = (
				8F6F270229D6FBEC0072D68C /* glad.c in Sources */,
				8F6F270B29D7FE040072D68C /* stb_image.cpp in Sources */,
				8FEFE4E529C9AD6700ED2E21 /* VertexArray.cpp in Sources */,
				8F6F271129D874040072D68C /* Texture.cpp in Sources */,
				8F9B1F1729C4702600111C7F /* main.cpp in Sources */,
				8FEFE4E229C9A9AF00ED2E21 /* VertexBufferLayout.cpp in Sources */,
				8F9FBFD629C9FF7600F73FA2 /* Shader.cpp in Sources */,
				8F9EBEAB29C743280008F8A2 /* IndexBuffer.cpp in Sources */,
				8F9EBEA829C7431F0008F8A2 /* VertexBuffer.cpp in Sources */,
			);
			runOnlyForDeploymentPostprocessing = 0;
		};
/* End PBXSourcesBuildPhase section */

/* Begin XCBuildConfiguration section */
		8F9B1F1829C4702600111C7F /* Debug */ = {
			isa = XCBuildConfiguration;
			buildSettings = {
				ALWAYS_SEARCH_USER_PATHS = NO;
				CLANG_ANALYZER_NONNULL = YES;
				CLANG_ANALYZER_NUMBER_OBJECT_CONVERSION = YES_AGGRESSIVE;
				CLANG_CXX_LANGUAGE_STANDARD = "gnu++20";
				CLANG_ENABLE_MODULES = YES;
				CLANG_ENABLE_OBJC_ARC = YES;
				CLANG_ENABLE_OBJC_WEAK = YES;
				CLANG_WARN_BLOCK_CAPTURE_AUTORELEASING = YES;
				CLANG_WARN_BOOL_CONVERSION = YES;
				CLANG_WARN_COMMA = YES;
				CLANG_WARN_CONSTANT_CONVERSION = YES;
				CLANG_WARN_DEPRECATED_OBJC_IMPLEMENTATIONS = YES;
				CLANG_WARN_DIRECT_OBJC_ISA_USAGE = YES_ERROR;
				CLANG_WARN_DOCUMENTATION_COMMENTS = YES;
				CLANG_WARN_EMPTY_BODY = YES;
				CLANG_WARN_ENUM_CONVERSION = YES;
				CLANG_WARN_INFINITE_RECURSION = YES;
				CLANG_WARN_INT_CONVERSION = YES;
				CLANG_WARN_NON_LITERAL_NULL_CONVERSION = YES;
				CLANG_WARN_OBJC_IMPLICIT_RETAIN_SELF = YES;
				CLANG_WARN_OBJC_LITERAL_CONVERSION = YES;
				CLANG_WARN_OBJC_ROOT_CLASS = YES_ERROR;
				CLANG_WARN_QUOTED_INCLUDE_IN_FRAMEWORK_HEADER = YES;
				CLANG_WARN_RANGE_LOOP_ANALYSIS = YES;
				CLANG_WARN_STRICT_PROTOTYPES = YES;
				CLANG_WARN_SUSPICIOUS_MOVE = YES;
				CLANG_WARN_UNGUARDED_AVAILABILITY = YES_AGGRESSIVE;
				CLANG_WARN_UNREACHABLE_CODE = YES;
				CLANG_WARN__DUPLICATE_METHOD_MATCH = YES;
				COPY_PHASE_STRIP = NO;
				DEBUG_INFORMATION_FORMAT = dwarf;
				ENABLE_STRICT_OBJC_MSGSEND = YES;
				ENABLE_TESTABILITY = YES;
				GCC_C_LANGUAGE_STANDARD = gnu11;
				GCC_DYNAMIC_NO_PIC = NO;
				GCC_NO_COMMON_BLOCKS = YES;
				GCC_OPTIMIZATION_LEVEL = 0;
				GCC_PREPROCESSOR_DEFINITIONS = (
					"DEBUG=1",
					"$(inherited)",
				);
				GCC_WARN_64_TO_32_BIT_CONVERSION = YES;
				GCC_WARN_ABOUT_RETURN_TYPE = YES_ERROR;
				GCC_WARN_UNDECLARED_SELECTOR = YES;
				GCC_WARN_UNINITIALIZED_AUTOS = YES_AGGRESSIVE;
				GCC_WARN_UNUSED_FUNCTION = YES;
				GCC_WARN_UNUSED_VARIABLE = YES;
				MACOSX_DEPLOYMENT_TARGET = 13.1;
				MTL_ENABLE_DEBUG_INFO = INCLUDE_SOURCE;
				MTL_FAST_MATH = YES;
				ONLY_ACTIVE_ARCH = YES;
				SDKROOT = macosx;
			};
			name = Debug;
		};
		8F9B1F1929C4702600111C7F /* Release */ = {
			isa = XCBuildConfiguration;
			buildSettings = {
				ALWAYS_SEARCH_USER_PATHS = NO;
				CLANG_ANALYZER_NONNULL = YES;
				CLANG_ANALYZER_NUMBER_OBJECT_CONVERSION = YES_AGGRESSIVE;
				CLANG_CXX_LANGUAGE_STANDARD = "gnu++20";
				CLANG_ENABLE_MODULES = YES;
				CLANG_ENABLE_OBJC_ARC = YES;
				CLANG_ENABLE_OBJC_WEAK = YES;
				CLANG_WARN_BLOCK_CAPTURE_AUTORELEASING = YES;
				CLANG_WARN_BOOL_CONVERSION = YES;
				CLANG_WARN_COMMA = YES;
				CLANG_WARN_CONSTANT_CONVERSION = YES;
				CLANG_WARN_DEPRECATED_OBJC_IMPLEMENTATIONS = YES;
				CLANG_WARN_DIRECT_OBJC_ISA_USAGE = YES_ERROR;
				CLANG_WARN_DOCUMENTATION_COMMENTS = YES;
				CLANG_WARN_EMPTY_BODY = YES;
				CLANG_WARN_ENUM_CONVERSION = YES;
				CLANG_WARN_INFINITE_RECURSION = YES;
				CLANG_WARN_INT_CONVERSION = YES;
				CLANG_WARN_NON_LITERAL_NULL_CONVERSION = YES;
				CLANG_WARN_OBJC_IMPLICIT_RETAIN_SELF = YES;
				CLANG_WARN_OBJC_LITERAL_CONVERSION = YES;
				CLANG_WARN_OBJC_ROOT_CLASS = YES_ERROR;
				CLANG_WARN_QUOTED_INCLUDE_IN_FRAMEWORK_HEADER = YES;
				CLANG_WARN_RANGE_LOOP_ANALYSIS = YES;
				CLANG_WARN_STRICT_PROTOTYPES = YES;
				CLANG_WARN_SUSPICIOUS_MOVE = YES;
				CLANG_WARN_UNGUARDED_AVAILABILITY = YES_AGGRESSIVE;
				CLANG_WARN_UNREACHABLE_CODE = YES;
				CLANG_WARN__DUPLICATE_METHOD_MATCH = YES;
				COPY_PHASE_STRIP = NO;
				DEBUG_INFORMATION_FORMAT = "dwarf-with-dsym";
				ENABLE_NS_ASSERTIONS = NO;
				ENABLE_STRICT_OBJC_MSGSEND = YES;
				GCC_C_LANGUAGE_STANDARD = gnu11;
				GCC_NO_COMMON_BLOCKS = YES;
				GCC_WARN_64_TO_32_BIT_CONVERSION = YES;
				GCC_WARN_ABOUT_RETURN_TYPE = YES_ERROR;
				GCC_WARN_UNDECLARED_SELECTOR = YES;
				GCC_WARN_UNINITIALIZED_AUTOS = YES_AGGRESSIVE;
				GCC_WARN_UNUSED_FUNCTION = YES;
				GCC_WARN_UNUSED_VARIABLE = YES;
				MACOSX_DEPLOYMENT_TARGET = 13.1;
				MTL_ENABLE_DEBUG_INFO = NO;
				MTL_FAST_MATH = YES;
				SDKROOT = macosx;
			};
			name = Release;
		};
		8F9B1F1B29C4702600111C7F /* Debug */ = {
			isa = XCBuildConfiguration;
			buildSettings = {
				CODE_SIGN_IDENTITY = "-";
				CODE_SIGN_STYLE = Automatic;
				HEADER_SEARCH_PATHS = (
					"/opt/homebrew/Cellar/glm/0.9.9.8/**",
					"/opt/homebrew/Cellar/glfw/3.3.8/**",
					"./Vendor/**",
				);
				LIBRARY_SEARCH_PATHS = (
					"$(inherited)",
					/opt/homebrew/Cellar/glfw/3.3.8/lib,
					/opt/homebrew/Cellar/glew/2.2.0_1/lib,
				);
				PRODUCT_NAME = "$(TARGET_NAME)";
			};
			name = Debug;
		};
		8F9B1F1C29C4702600111C7F /* Release */ = {
			isa = XCBuildConfiguration;
			buildSettings = {
				CODE_SIGN_IDENTITY = "-";
				CODE_SIGN_STYLE = Automatic;
				HEADER_SEARCH_PATHS = (
					"/opt/homebrew/Cellar/glm/0.9.9.8/**",
					"/opt/homebrew/Cellar/glfw/3.3.8/**",
					"./Vendor/**",
				);
				LIBRARY_SEARCH_PATHS = (
					"$(inherited)",
					/opt/homebrew/Cellar/glfw/3.3.8/lib,
					/opt/homebrew/Cellar/glew/2.2.0_1/lib,
				);
				PRODUCT_NAME = "$(TARGET_NAME)";
			};
			name = Release;
		};
/* End XCBuildConfiguration section */

/* Begin XCConfigurationList section */
		8F9B1F0E29C4702600111C7F /* Build configuration list for PBXProject "khulagl" */ = {
			isa = XCConfigurationList;
			buildConfigurations = (
				8F9B1F1829C4702600111C7F /* Debug */,
				8F9B1F1929C4702600111C7F /* Release */,
			);
			defaultConfigurationIsVisible = 0;
			defaultConfigurationName = Release;
		};
		8F9B1F1A29C4702600111C7F /* Build configuration list for PBXNativeTarget "khulagl" */ = {
			isa = XCConfigurationList;
			buildConfigurations = (
				8F9B1F1B29C4702600111C7F /* Debug */,
				8F9B1F1C29C4702600111C7F /* Release */,
			);
			defaultConfigurationIsVisible = 0;
			defaultConfigurationName = Release;
		};
/* End XCConfigurationList section */
	};
	rootObject = 8F9B1F0B29C4702600111C7F /* Project object */;
}
